
Microsoft Visual Studio Solution File, Format Version 12.00
# Visual Studio Version 16
VisualStudioVersion = 16.0.31729.503
MinimumVisualStudioVersion = 10.0.40219.1
Project("{2150E333-8FDC-42A3-9474-1A3956D46DE8}") = "src", "src", "{4AEDB23F-26DF-4DA1-B3DB-EB15C64FF7F5}"
EndProject
Project("{2150E333-8FDC-42A3-9474-1A3956D46DE8}") = "Application", "Application", "{6E682091-66CD-4FD1-8F53-A8D9E9554404}"
EndProject
Project("{2150E333-8FDC-42A3-9474-1A3956D46DE8}") = "Domain", "Domain", "{F5F1ADB2-2902-4BC4-AF6F-8B7B1B1065AE}"
EndProject
Project("{2150E333-8FDC-42A3-9474-1A3956D46DE8}") = "Shared", "Shared", "{38C9578C-B127-4321-9E50-35ABC75CB510}"
EndProject
Project("{2150E333-8FDC-42A3-9474-1A3956D46DE8}") = "Test", "Test", "{560904AE-81DA-44FE-BF6E-88983E981F90}"
EndProject
Project("{2150E333-8FDC-42A3-9474-1A3956D46DE8}") = "Infrastructure", "Infrastructure", "{B74F17AA-D0DB-465A-83B5-B0B999936DF2}"
EndProject
Project("{9A19103F-16F7-4668-BE54-9A1E7A4F7556}") = "Nivello.Api", "src\Application\Nivello.Api\Nivello.Api.csproj", "{03E2F524-398B-474C-BDF1-6B25043ADC14}"
EndProject
Project("{9A19103F-16F7-4668-BE54-9A1E7A4F7556}") = "Nivello.Test", "src\Test\Nivello.Domain.Test\Nivello.Test.csproj", "{546D77A4-BE50-4641-AC2F-FBFA7A9D9B52}"
EndProject
Project("{9A19103F-16F7-4668-BE54-9A1E7A4F7556}") = "Nivello.Domain", "src\Domain\Nivello.Domain\Nivello.Domain.csproj", "{06345B68-7A02-40E1-B647-E6525FA139DB}"
EndProject
Project("{9A19103F-16F7-4668-BE54-9A1E7A4F7556}") = "Nivello.Lib", "src\Shared\Nivello.Lib\Nivello.Lib.csproj", "{3DD10652-7885-4924-BF39-B224A1A5B387}"
EndProject
Project("{9A19103F-16F7-4668-BE54-9A1E7A4F7556}") = "Nivello.Infrastructure", "src\Infrastructure\Nivello.Infrastructure\Nivello.Infrastructure.csproj", "{A7D92D36-6F06-41CD-84FE-C1A857A88BA4}"
EndProject
Global
	GlobalSection(SolutionConfigurationPlatforms) = preSolution
		Debug|Any CPU = Debug|Any CPU
		Release|Any CPU = Release|Any CPU
	EndGlobalSection
	GlobalSection(ProjectConfigurationPlatforms) = postSolution
		{03E2F524-398B-474C-BDF1-6B25043ADC14}.Debug|Any CPU.ActiveCfg = Debug|Any CPU
		{03E2F524-398B-474C-BDF1-6B25043ADC14}.Debug|Any CPU.Build.0 = Debug|Any CPU
		{03E2F524-398B-474C-BDF1-6B25043ADC14}.Release|Any CPU.ActiveCfg = Release|Any CPU
		{03E2F524-398B-474C-BDF1-6B25043ADC14}.Release|Any CPU.Build.0 = Release|Any CPU
		{546D77A4-BE50-4641-AC2F-FBFA7A9D9B52}.Debug|Any CPU.ActiveCfg = Debug|Any CPU
		{546D77A4-BE50-4641-AC2F-FBFA7A9D9B52}.Debug|Any CPU.Build.0 = Debug|Any CPU
		{546D77A4-BE50-4641-AC2F-FBFA7A9D9B52}.Release|Any CPU.ActiveCfg = Release|Any CPU
		{546D77A4-BE50-4641-AC2F-FBFA7A9D9B52}.Release|Any CPU.Build.0 = Release|Any CPU
		{06345B68-7A02-40E1-B647-E6525FA139DB}.Debug|Any CPU.ActiveCfg = Debug|Any CPU
		{06345B68-7A02-40E1-B647-E6525FA139DB}.Debug|Any CPU.Build.0 = Debug|Any CPU
		{06345B68-7A02-40E1-B647-E6525FA139DB}.Release|Any CPU.ActiveCfg = Release|Any CPU
		{06345B68-7A02-40E1-B647-E6525FA139DB}.Release|Any CPU.Build.0 = Release|Any CPU
		{3DD10652-7885-4924-BF39-B224A1A5B387}.Debug|Any CPU.ActiveCfg = Debug|Any CPU
		{3DD10652-7885-4924-BF39-B224A1A5B387}.Debug|Any CPU.Build.0 = Debug|Any CPU
		{3DD10652-7885-4924-BF39-B224A1A5B387}.Release|Any CPU.ActiveCfg = Release|Any CPU
		{3DD10652-7885-4924-BF39-B224A1A5B387}.Release|Any CPU.Build.0 = Release|Any CPU
		{A7D92D36-6F06-41CD-84FE-C1A857A88BA4}.Debug|Any CPU.ActiveCfg = Debug|Any CPU
		{A7D92D36-6F06-41CD-84FE-C1A857A88BA4}.Debug|Any CPU.Build.0 = Debug|Any CPU
		{A7D92D36-6F06-41CD-84FE-C1A857A88BA4}.Release|Any CPU.ActiveCfg = Release|Any CPU
		{A7D92D36-6F06-41CD-84FE-C1A857A88BA4}.Release|Any CPU.Build.0 = Release|Any CPU
	EndGlobalSection
	GlobalSection(SolutionProperties) = preSolution
		HideSolutionNode = FALSE
	EndGlobalSection
	GlobalSection(NestedProjects) = preSolution
		{6E682091-66CD-4FD1-8F53-A8D9E9554404} = {4AEDB23F-26DF-4DA1-B3DB-EB15C64FF7F5}
		{F5F1ADB2-2902-4BC4-AF6F-8B7B1B1065AE} = {4AEDB23F-26DF-4DA1-B3DB-EB15C64FF7F5}
		{38C9578C-B127-4321-9E50-35ABC75CB510} = {4AEDB23F-26DF-4DA1-B3DB-EB15C64FF7F5}
		{560904AE-81DA-44FE-BF6E-88983E981F90} = {4AEDB23F-26DF-4DA1-B3DB-EB15C64FF7F5}
		{B74F17AA-D0DB-465A-83B5-B0B999936DF2} = {4AEDB23F-26DF-4DA1-B3DB-EB15C64FF7F5}
		{03E2F524-398B-474C-BDF1-6B25043ADC14} = {6E682091-66CD-4FD1-8F53-A8D9E9554404}
		{546D77A4-BE50-4641-AC2F-FBFA7A9D9B52} = {560904AE-81DA-44FE-BF6E-88983E981F90}
		{06345B68-7A02-40E1-B647-E6525FA139DB} = {F5F1ADB2-2902-4BC4-AF6F-8B7B1B1065AE}
		{3DD10652-7885-4924-BF39-B224A1A5B387} = {38C9578C-B127-4321-9E50-35ABC75CB510}
		{A7D92D36-6F06-41CD-84FE-C1A857A88BA4} = {B74F17AA-D0DB-465A-83B5-B0B999936DF2}
	EndGlobalSection
	GlobalSection(ExtensibilityGlobals) = postSolution
		SolutionGuid = {1A49ADC1-D251-4D7C-B98E-C7B64A7814A3}
	EndGlobalSection
EndGlobal
